{
  "name": "vendas-local",
  "version": "0.0.1",
  "lockfileVersion": 3,
  "requires": true,
  "packages": {
    "": {
      "name": "vendas-local",
      "version": "0.0.1",
      "dependencies": {
        "node-firebird": "2.0.2",
        "postgres": "^3.4.4"
      }
    },
    "node_modules/big-integer": {
      "version": "1.6.52",
      "resolved": "https://registry.npmjs.org/big-integer/-/big-integer-1.6.52.tgz",
      "integrity": "sha512-QxD8cf2eVqJOOz63z6JIN9BzvVs/dlySa5HGSBH5xtR8dPteIRQnBxxKqkNTiT6jbDTF6jAfrd4oMcND9RGbQg==",
      "license": "Unlicense",
      "engines": {
        "node": ">=0.6"
      }
    },
    "node_modules/long": {
      "version": "5.3.2",
      "resolved": "https://registry.npmjs.org/long/-/long-5.3.2.tgz",
      "integrity": "sha512-mNAgZ1GmyNhD7AuqnTG3/VQ26o760+ZYBPKjPvugO8+nLbYfX6TVpJPseBvopbdY+qpZ/lKUnmEc1LeZYS3QAA==",
      "license": "Apache-2.0"
    },
    "node_modules/node-firebird": {
      "version": "2.0.2",
      "resolved": "https://registry.npmjs.org/node-firebird/-/node-firebird-2.0.2.tgz",
      "integrity": "sha512-Xm0bN53gmzyUzUUidJbN417uTbi7NL0vxKBTv8C5Iq4uZOpWKo8iFXiCnB454G96dA8jzzIBtn8BU1/9WJLycQ==",
      "license": "MPL-2.0",
      "dependencies": {
        "big-integer": "^1.6.51",
        "long": "^5.2.3"
      }
    },
    "node_modules/postgres": {
      "version": "3.4.9",
      "resolved": "https://registry.npmjs.org/postgres/-/postgres-3.4.9.tgz",
      "integrity": "sha512-GD3qdB0x1z9xgFI6cdRD6xu2Sp2WCOEoe3mtnyB5Ee0XrrL5Pe+e4CCnJrRMnL1zYtRDZmQQVbvOttLnKDLnaw==",
      "license": "Unlicense",
      "engines": {
        "node": ">=12"
      },
      "funding": {
        "type": "individual",
        "url": "https://github.com/sponsors/porsager"
      }
    }
  }
}
